<Solution>
  <Folder Name="/docs/">
    <File Path="pattern-roadmap.md" />
    <File Path="series-overview.md" />
  </Folder>
  <Folder Name="/src/" />
  <Folder Name="/src/Shared/">
    <Project Path="Domain/Domain.csproj" />
  </Folder>
  <Folder Name="/src/Singleton/">
    <Project Path="SingletonDemo/SingletonDemo.csproj" />
  </Folder>
</Solution>
